
Microsoft Visual Studio Solution File, Format Version 12.00
# Visual Studio 2015
Project("{FAE04EC0-301F-11D3-BF4B-00C04F79EFBC}") = "projectwebsocket", "projectwebsocket.csproj", "{7C56C767-5E72-6C54-B3BB-6295791314FA}"
EndProject
Project("{FAE04EC0-301F-11D3-BF4B-00C04F79EFBC}") = "projectwebsocket.Editor", "projectwebsocket.Editor.csproj", "{F702FB22-2C32-A353-2F00-5765CFB50550}"
EndProject
Global
	GlobalSection(SolutionConfigurationPlatforms) = preSolution
		Debug|Any CPU = Debug|Any CPU
		Release|Any CPU = Release|Any CPU
	EndGlobalSection
	GlobalSection(ProjectConfigurationPlatforms) = postSolution
		{7C56C767-5E72-6C54-B3BB-6295791314FA}.Debug|Any CPU.ActiveCfg = Debug|Any CPU
		{7C56C767-5E72-6C54-B3BB-6295791314FA}.Debug|Any CPU.Build.0 = Debug|Any CPU
		{7C56C767-5E72-6C54-B3BB-6295791314FA}.Release|Any CPU.ActiveCfg = Release|Any CPU
		{7C56C767-5E72-6C54-B3BB-6295791314FA}.Release|Any CPU.Build.0 = Release|Any CPU
		{F702FB22-2C32-A353-2F00-5765CFB50550}.Debug|Any CPU.ActiveCfg = Debug|Any CPU
		{F702FB22-2C32-A353-2F00-5765CFB50550}.Debug|Any CPU.Build.0 = Debug|Any CPU
		{F702FB22-2C32-A353-2F00-5765CFB50550}.Release|Any CPU.ActiveCfg = Release|Any CPU
		{F702FB22-2C32-A353-2F00-5765CFB50550}.Release|Any CPU.Build.0 = Release|Any CPU
	EndGlobalSection
	GlobalSection(SolutionProperties) = preSolution
		HideSolutionNode = FALSE
	EndGlobalSection
EndGlobal
